
Microsoft Visual Studio Solution File, Format Version 12.00
# Visual Studio Version 17
VisualStudioVersion = 17.3.32929.385
MinimumVisualStudioVersion = 10.0.40219.1
Project("{FAE04EC0-301F-11D3-BF4B-00C04F79EFBC}") = "lab1_4", "lab1_4\lab1_4.csproj", "{A38A8334-01F8-4B46-BB31-D6B585F837D5}"
EndProject
Global
	GlobalSection(SolutionConfigurationPlatforms) = preSolution
		Debug|Any CPU = Debug|Any CPU
		Release|Any CPU = Release|Any CPU
	EndGlobalSection
	GlobalSection(ProjectConfigurationPlatforms) = postSolution
		{A38A8334-01F8-4B46-BB31-D6B585F837D5}.Debug|Any CPU.ActiveCfg = Debug|Any CPU
		{A38A8334-01F8-4B46-BB31-D6B585F837D5}.Debug|Any CPU.Build.0 = Debug|Any CPU
		{A38A8334-01F8-4B46-BB31-D6B585F837D5}.Release|Any CPU.ActiveCfg = Release|Any CPU
		{A38A8334-01F8-4B46-BB31-D6B585F837D5}.Release|Any CPU.Build.0 = Release|Any CPU
	EndGlobalSection
	GlobalSection(SolutionProperties) = preSolution
		HideSolutionNode = FALSE
	EndGlobalSection
	GlobalSection(ExtensibilityGlobals) = postSolution
		SolutionGuid = {C392CF5A-0D3D-4A95-BE89-125E7EC23891}
	EndGlobalSection
EndGlobal
