
Microsoft Visual Studio Solution File, Format Version 12.00
# Visual Studio Version 17
VisualStudioVersion = 17.3.32929.385
MinimumVisualStudioVersion = 10.0.40219.1
Project("{FAE04EC0-301F-11D3-BF4B-00C04F79EFBC}") = "lab1_3", "lab1_3\lab1_3.csproj", "{3327380C-2971-4454-9BEF-866243F1D15F}"
EndProject
Global
	GlobalSection(SolutionConfigurationPlatforms) = preSolution
		Debug|Any CPU = Debug|Any CPU
		Release|Any CPU = Release|Any CPU
	EndGlobalSection
	GlobalSection(ProjectConfigurationPlatforms) = postSolution
		{3327380C-2971-4454-9BEF-866243F1D15F}.Debug|Any CPU.ActiveCfg = Debug|Any CPU
		{3327380C-2971-4454-9BEF-866243F1D15F}.Debug|Any CPU.Build.0 = Debug|Any CPU
		{3327380C-2971-4454-9BEF-866243F1D15F}.Release|Any CPU.ActiveCfg = Release|Any CPU
		{3327380C-2971-4454-9BEF-866243F1D15F}.Release|Any CPU.Build.0 = Release|Any CPU
	EndGlobalSection
	GlobalSection(SolutionProperties) = preSolution
		HideSolutionNode = FALSE
	EndGlobalSection
	GlobalSection(ExtensibilityGlobals) = postSolution
		SolutionGuid = {25BFBB9A-AACC-4656-8A83-296055DA7437}
	EndGlobalSection
EndGlobal
